
Microsoft Visual Studio Solution File, Format Version 12.00
# Visual Studio Version 17
VisualStudioVersion = 17.13.35913.81
MinimumVisualStudioVersion = 10.0.40219.1
Project("{FAE04EC0-301F-11D3-BF4B-00C04F79EFBC}") = "CountriesBlocked.API", "CountriesBlocked.API\CountriesBlocked.API.csproj", "{570C9D3D-AB1B-4742-86D8-FA48BE6C330B}"
EndProject
Project("{FAE04EC0-301F-11D3-BF4B-00C04F79EFBC}") = "CountriesBlocked.Domain", "CountriesBlocked.Domain\CountriesBlocked.Domain.csproj", "{3C666513-A6CC-4957-BB82-FF7FAE6995AF}"
EndProject
Project("{FAE04EC0-301F-11D3-BF4B-00C04F79EFBC}") = "CountriesBlocked.Infrastructure", "CountriesBlocked.Infrastructure\CountriesBlocked.Infrastructure.csproj", "{533C6306-16C8-4F03-A610-71C0D8F14F3D}"
EndProject
Project("{FAE04EC0-301F-11D3-BF4B-00C04F79EFBC}") = "CountriesBlocked.Application", "CountriesBlocked.Application\CountriesBlocked.Application.csproj", "{A053D47D-2EAF-46E3-B4CB-3DAEA152A262}"
EndProject
Global
	GlobalSection(SolutionConfigurationPlatforms) = preSolution
		Debug|Any CPU = Debug|Any CPU
		Release|Any CPU = Release|Any CPU
	EndGlobalSection
	GlobalSection(ProjectConfigurationPlatforms) = postSolution
		{570C9D3D-AB1B-4742-86D8-FA48BE6C330B}.Debug|Any CPU.ActiveCfg = Debug|Any CPU
		{570C9D3D-AB1B-4742-86D8-FA48BE6C330B}.Debug|Any CPU.Build.0 = Debug|Any CPU
		{570C9D3D-AB1B-4742-86D8-FA48BE6C330B}.Release|Any CPU.ActiveCfg = Release|Any CPU
		{570C9D3D-AB1B-4742-86D8-FA48BE6C330B}.Release|Any CPU.Build.0 = Release|Any CPU
		{3C666513-A6CC-4957-BB82-FF7FAE6995AF}.Debug|Any CPU.ActiveCfg = Debug|Any CPU
		{3C666513-A6CC-4957-BB82-FF7FAE6995AF}.Debug|Any CPU.Build.0 = Debug|Any CPU
		{3C666513-A6CC-4957-BB82-FF7FAE6995AF}.Release|Any CPU.ActiveCfg = Release|Any CPU
		{3C666513-A6CC-4957-BB82-FF7FAE6995AF}.Release|Any CPU.Build.0 = Release|Any CPU
		{533C6306-16C8-4F03-A610-71C0D8F14F3D}.Debug|Any CPU.ActiveCfg = Debug|Any CPU
		{533C6306-16C8-4F03-A610-71C0D8F14F3D}.Debug|Any CPU.Build.0 = Debug|Any CPU
		{533C6306-16C8-4F03-A610-71C0D8F14F3D}.Release|Any CPU.ActiveCfg = Release|Any CPU
		{533C6306-16C8-4F03-A610-71C0D8F14F3D}.Release|Any CPU.Build.0 = Release|Any CPU
		{A053D47D-2EAF-46E3-B4CB-3DAEA152A262}.Debug|Any CPU.ActiveCfg = Debug|Any CPU
		{A053D47D-2EAF-46E3-B4CB-3DAEA152A262}.Debug|Any CPU.Build.0 = Debug|Any CPU
		{A053D47D-2EAF-46E3-B4CB-3DAEA152A262}.Release|Any CPU.ActiveCfg = Release|Any CPU
		{A053D47D-2EAF-46E3-B4CB-3DAEA152A262}.Release|Any CPU.Build.0 = Release|Any CPU
	EndGlobalSection
	GlobalSection(SolutionProperties) = preSolution
		HideSolutionNode = FALSE
	EndGlobalSection
	GlobalSection(ExtensibilityGlobals) = postSolution
		SolutionGuid = {80CDF81C-7777-4C60-900B-32B5212A1D33}
	EndGlobalSection
EndGlobal
